{
  "version": "3",
  "packages": {
    "specifiers": {
      "npm:@types/node": "npm:@types/node@18.16.19"
    },
    "npm": {
      "@types/node@18.16.19": {
        "integrity": "sha512-IXl7o+R9iti9eBW4Wg2hx1xQDig183jj7YLn8F7udNceyfkbn1ZxmzZXuak20gR40D7pIkIY1kYGx5VIGbaHKA==",
        "dependencies": {}
      }
    }
  },
  "remote": {
    "https://cdn.skypack.dev/-/debug@v4.3.4-o4liVvMlOnQWbLSYZMXw/dist=es2019,mode=imports/optimized/debug.js": "671100993996e39b501301a87000607916d4d2d9f8fc8e9c5200ae5ba64a1389",
    "https://cdn.skypack.dev/-/ms@v2.1.2-giBDZ1IA5lmQ3ZXaa87V/dist=es2019,mode=imports/optimized/ms.js": "fd88e2d51900437011f1ad232f3393ce97db1b87a7844b3c58dd6d65562c1276",
    "https://cdn.skypack.dev/debug@4.3.4": "7b1d010cc930f71b940ba5941da055bc181115229e29de7214bdb4425c68ea76",
    "https://deno.land/std@0.153.0/fmt/colors.ts": "ff7dc9c9f33a72bd48bc24b21bbc1b4545d8494a431f17894dbc5fe92a938fc4",
    "https://deno.land/std@0.154.0/dotenv/mod.ts": "3ad3c1caddb82bf9413686e8cfe24272b77089bc15e8840bdeccad4655e3a8db",
    "https://deno.land/std@0.154.0/dotenv/util.ts": "6cc392f087577a26a27f0463f77cc0c31a390aa055917099935b36eb2454592d",
    "https://deno.land/std@0.162.0/_util/assert.ts": "e94f2eb37cebd7f199952e242c77654e43333c1ac4c5c700e929ea3aa5489f74",
    "https://deno.land/std@0.162.0/_util/os.ts": "8a33345f74990e627b9dfe2de9b040004b08ea5146c7c9e8fe9a29070d193934",
    "https://deno.land/std@0.162.0/async/deferred.ts": "d8fb253ffde2a056e4889ef7e90f3928f28be9f9294b6505773d33f136aab4e6",
    "https://deno.land/std@0.162.0/bytes/bytes_list.ts": "aba5e2369e77d426b10af1de0dcc4531acecec27f9b9056f4f7bfbf8ac147ab4",
    "https://deno.land/std@0.162.0/bytes/equals.ts": "3c3558c3ae85526f84510aa2b48ab2ad7bdd899e2e0f5b7a8ffc85acb3a6043a",
    "https://deno.land/std@0.162.0/bytes/mod.ts": "b2e342fd3669176a27a4e15061e9d588b89c1aaf5008ab71766e23669565d179",
    "https://deno.land/std@0.162.0/io/buffer.ts": "fae02290f52301c4e0188670e730cd902f9307fb732d79c4aa14ebdc82497289",
    "https://deno.land/std@0.162.0/io/types.d.ts": "107e1e64834c5ba917c783f446b407d33432c5d612c4b3430df64fc2b4ecf091",
    "https://deno.land/std@0.162.0/path/_constants.ts": "df1db3ffa6dd6d1252cc9617e5d72165cd2483df90e93833e13580687b6083c3",
    "https://deno.land/std@0.162.0/path/_interface.ts": "ee3b431a336b80cf445441109d089b70d87d5e248f4f90ff906820889ecf8d09",
    "https://deno.land/std@0.162.0/path/_util.ts": "d16be2a16e1204b65f9d0dfc54a9bc472cafe5f4a190b3c8471ec2016ccd1677",
    "https://deno.land/std@0.162.0/path/common.ts": "bee563630abd2d97f99d83c96c2fa0cca7cee103e8cb4e7699ec4d5db7bd2633",
    "https://deno.land/std@0.162.0/path/glob.ts": "cb5255638de1048973c3e69e420c77dc04f75755524cb3b2e160fe9277d939ee",
    "https://deno.land/std@0.162.0/path/mod.ts": "56fec03ad0ebd61b6ab39ddb9b0ddb4c4a5c9f2f4f632e09dd37ec9ebfd722ac",
    "https://deno.land/std@0.162.0/path/posix.ts": "6b63de7097e68c8663c84ccedc0fd977656eb134432d818ecd3a4e122638ac24",
    "https://deno.land/std@0.162.0/path/separator.ts": "fe1816cb765a8068afb3e8f13ad272351c85cbc739af56dacfc7d93d710fe0f9",
    "https://deno.land/std@0.162.0/path/win32.ts": "ee8826dce087d31c5c81cd414714e677eb68febc40308de87a2ce4b40e10fb8d",
    "https://deno.land/std@0.162.0/streams/buffer.ts": "357d725e1c13ee48af5e5da50ef8811ac8b12926d477ec0e3b40fed6d8d83dd2",
    "https://deno.land/std@0.162.0/streams/conversion.ts": "555c6c249f3acf85655f2d0af52d1cb3168e40b1c1fa26beefea501b333abe28",
    "https://deno.land/std@0.162.0/streams/delimiter.ts": "e18febbded53df275a897fac9249a6d0a6a5efc943256ad0f6cb23bf4d757668",
    "https://deno.land/std@0.162.0/streams/merge.ts": "88ed3dfa030ae076802688e4cadd762a251a41d81ed1776dfd9a2a9a0e970195",
    "https://deno.land/std@0.162.0/streams/mod.ts": "f402791689d74bd091ecf8f4015bc5b7d5c18132a55c7c72fe0576d1fb254cf9",
    "https://deno.land/std@0.211.0/path/_common/assert_path.ts": "2ca275f36ac1788b2acb60fb2b79cb06027198bc2ba6fb7e163efaedde98c297",
    "https://deno.land/std@0.211.0/path/_common/basename.ts": "569744855bc8445f3a56087fd2aed56bdad39da971a8d92b138c9913aecc5fa2",
    "https://deno.land/std@0.211.0/path/_common/constants.ts": "dc5f8057159f4b48cd304eb3027e42f1148cf4df1fb4240774d3492b5d12ac0c",
    "https://deno.land/std@0.211.0/path/_common/strip_trailing_separators.ts": "7024a93447efcdcfeaa9339a98fa63ef9d53de363f1fbe9858970f1bba02655a",
    "https://deno.land/std@0.211.0/path/_os.ts": "8fb9b90fb6b753bd8c77cfd8a33c2ff6c5f5bc185f50de8ca4ac6a05710b2c15",
    "https://deno.land/std@0.211.0/path/basename.ts": "5d341aadb7ada266e2280561692c165771d071c98746fcb66da928870cd47668",
    "https://deno.land/std@0.211.0/path/posix/_util.ts": "1e3937da30f080bfc99fe45d7ed23c47dd8585c5e473b2d771380d3a6937cf9d",
    "https://deno.land/std@0.211.0/path/posix/basename.ts": "39ee27a29f1f35935d3603ccf01d53f3d6e0c5d4d0f84421e65bd1afeff42843",
    "https://deno.land/std@0.211.0/path/windows/_util.ts": "d5f47363e5293fced22c984550d5e70e98e266cc3f31769e1710511803d04808",
    "https://deno.land/std@0.211.0/path/windows/basename.ts": "e2dbf31d1d6385bfab1ce38c333aa290b6d7ae9e0ecb8234a654e583cf22f8fe",
    "https://deno.land/std@0.211.0/streams/_common.ts": "4f9f2958d853b9a456be033631dabb7519daa68ee4d02caf53e2ecbffaf5805f",
    "https://deno.land/std@0.211.0/streams/iterate_reader.ts": "353e516908ce637e8b2a2e1301fa60316825667d0d880d47ea4c427a9a7758cf",
    "https://deno.land/std@0.213.0/dotenv/mod.ts": "46cc7a78cf3f7ba533c8c9b90407a365f925be332ebdc867a1f502614e3d8523",
    "https://deno.land/std@0.213.0/dotenv/parse.ts": "55d5d1a5ba76c1324e6dc2f2f7917f03c47e5da5c2c55af11fd0fe2d6a3d3a2e",
    "https://deno.land/std@0.213.0/dotenv/stringify.ts": "0047ad7068289735d08964046aea267a750c141b494ca0e38831b89be6c020c2",
    "https://deno.land/x/envalid@0.1.2/core.ts": "9cb1b469919af72d3ad8576f952c8b695e9b5356878d84f15db9328b7afab2d5",
    "https://deno.land/x/envalid@0.1.2/envalid.ts": "76755815e2643aacbe604e3cd76415f0f4c8cc04d7cdbae0ab05a0ebc86ceb38",
    "https://deno.land/x/envalid@0.1.2/errors.ts": "8524f99ff929abe5c9fa07c250cafb15e564d5339ae8fdfabd6d56fab9ec7e00",
    "https://deno.land/x/envalid@0.1.2/middleware.ts": "c7a88e1dce3f280471844c36080a346ac3aadc4420b3fbff92807d21f3aec1e2",
    "https://deno.land/x/envalid@0.1.2/mod.ts": "c82f8e49cf6b008478a11275bbc9c55a4f900a2010fb4d0882cfba6f914eaa1c",
    "https://deno.land/x/envalid@0.1.2/reporter.ts": "5affd2863a25cca71e7f249504f0670112e5e1742dd8a3977764e45fa5957dcc",
    "https://deno.land/x/envalid@0.1.2/types.ts": "3c8630c015922739c8e0c3638dd446bbaf627ecccfb9b21329dbd0af82c4236d",
    "https://deno.land/x/envalid@0.1.2/validators.ts": "9252d4a0a70a7c1895be7813596a562cd8b105756f7cbbd8e49caf1bf4998453",
    "https://deno.land/x/grammy@v1.12.0/bot.ts": "6e4ceacfa6febe7262bb3792f2889189e859d79f9e5835f2297f703ed230ebc9",
    "https://deno.land/x/grammy@v1.12.0/composer.ts": "1d2e164f9934466553d7f9bf9bf2fe65a1f453b7f7ce3cf57066d87382c6dac2",
    "https://deno.land/x/grammy@v1.12.0/context.ts": "eaf9ab22ef40d0244c4ca52d781e272dc84cac39dd3b4fe9874f6e3cb16a745b",
    "https://deno.land/x/grammy@v1.12.0/convenience/frameworks.deno.ts": "dfa1c824ce3c06447cc0d714210db77e87502fb45879662c36a721a603109b9f",
    "https://deno.land/x/grammy@v1.12.0/convenience/frameworks.shared.ts": "b59c24178da1fd0a126dca331dae4a04dfaed1d5604485cb9ca14a36bf0fa106",
    "https://deno.land/x/grammy@v1.12.0/convenience/keyboard.ts": "e3535432bcc35b00f991e08f8707a6ad330f9c851fd189832d163c0c39862171",
    "https://deno.land/x/grammy@v1.12.0/convenience/session.ts": "07fc0c64650d87cfe20de95c3261b9edf3ff46c65a7b86d98c3e0ce001220722",
    "https://deno.land/x/grammy@v1.12.0/convenience/webhook.ts": "805aa953f4626aff7b84fde156dff2ea3cc166d674f2d844a8ab2adad1a03589",
    "https://deno.land/x/grammy@v1.12.0/core/api.ts": "9484ae98c2bfa750388f0ccf6226b744b058ba048f3c0868e256b277ac8a028a",
    "https://deno.land/x/grammy@v1.12.0/core/client.ts": "8914f13b2cb69f16104a9711e4fea0a4500edd0950736dcc3ac078ab46f7a5ab",
    "https://deno.land/x/grammy@v1.12.0/core/error.ts": "4638b2127ebe60249c78b83011d468f5e1e1a87748d32fe11a8200d9f824ad13",
    "https://deno.land/x/grammy@v1.12.0/core/payload.ts": "bed2e44fb567259ee2cab70a7734544c90fae80cb937b354ee1427d0f0883b39",
    "https://deno.land/x/grammy@v1.12.0/filter.ts": "8fa7186db9c1eb84f0138ab9984e723d2ea76dac9bcb6889268c92c9a8fc2e8c",
    "https://deno.land/x/grammy@v1.12.0/mod.ts": "6d96b0c7b4c8b9448b9f9903a95a78c3379febd36b0f6485ad567d79b153c794",
    "https://deno.land/x/grammy@v1.12.0/platform.deno.ts": "62375602eb39a3f711e01c20e39e6af127e612f8d02c45fb7c32b37bad33210b",
    "https://deno.land/x/grammy@v1.12.0/types.deno.ts": "19214bd12cb0796083954dc00e1629fbf6fa8d495bdf7d6b66c45398c4d5f1c9",
    "https://deno.land/x/grammy@v1.12.0/types.ts": "729415590dfa188dbe924dea614dff4e976babdbabb28a307b869fc25777cdf0",
    "https://deno.land/x/grammy@v1.20.3/bot.ts": "bbfc31f976a27a48992ebb21bcdc137f216eb28e32cc5de0041dcc8fca53d5b8",
    "https://deno.land/x/grammy@v1.20.3/composer.ts": "a86dcd6c83e91f720ceb85dab2b1c7b966fc18fc6440848b87b4897fcaa63fc8",
    "https://deno.land/x/grammy@v1.20.3/context.ts": "3e9b8e277f8b75bed20b46047ad93b027a182e9d3504f1f2d2bba0852d0bb77f",
    "https://deno.land/x/grammy@v1.20.3/convenience/constants.ts": "8d7e2fb9b0f5bd4c10585d8a7528dee573dea5096041b35bebadbb943318d1fc",
    "https://deno.land/x/grammy@v1.20.3/convenience/frameworks.ts": "77e2f9fc841ab92d4310b556126447a42f131ad976a6adfff454c016f339b28e",
    "https://deno.land/x/grammy@v1.20.3/convenience/inline_query.ts": "409d1940c7670708064efa495003bcbfdf6763a756b2e6303c464489fd3394ff",
    "https://deno.land/x/grammy@v1.20.3/convenience/input_media.ts": "7af72a5fdb1af0417e31b1327003f536ddfdf64e06ab8bc7f5da6b574de38658",
    "https://deno.land/x/grammy@v1.20.3/convenience/keyboard.ts": "88aeab16f2aaf0b4098135b5f7a678f7d2ce288f28c7eba93eaa5553a7395152",
    "https://deno.land/x/grammy@v1.20.3/convenience/session.ts": "f92d57b6b2b61920912cf5c44d4db2f6ca999fe4f9adef170c321889d49667c2",
    "https://deno.land/x/grammy@v1.20.3/convenience/webhook.ts": "f1da7d6426171fb7b5d5f6b59633f91d3bab9a474eea821f714932650965eb9e",
    "https://deno.land/x/grammy@v1.20.3/core/api.ts": "840c5d39ca953d5bdbf89e61836a8212b22110d142b1606127b9c1a5f7d0b96a",
    "https://deno.land/x/grammy@v1.20.3/core/client.ts": "df622a135e71229ffe722406850c9c08b90dcdd4d049b46926128599c73f9dc5",
    "https://deno.land/x/grammy@v1.20.3/core/error.ts": "4638b2127ebe60249c78b83011d468f5e1e1a87748d32fe11a8200d9f824ad13",
    "https://deno.land/x/grammy@v1.20.3/core/payload.ts": "420e17c3c2830b5576ea187cfce77578fe09f1204b25c25ea2f220ca7c86e73b",
    "https://deno.land/x/grammy@v1.20.3/filter.ts": "8bfd76005929c22c42c6fd70064467dd4e8cf6e83de3c8d9d0522930d433e45d",
    "https://deno.land/x/grammy@v1.20.3/mod.ts": "7723e08709ff7fd01df3e463503e14e4fd1a581669380eed70351e1121e8a833",
    "https://deno.land/x/grammy@v1.20.3/platform.deno.ts": "68272a7e1d9a2d74d8a45342526485dbc0531dee812f675d7f8a4e7fc8393028",
    "https://deno.land/x/grammy@v1.20.3/types.deno.ts": "d43290407cdd90eaa67393f8ab53139bfb9f692335a92cb6f1c607ddac706b26",
    "https://deno.land/x/grammy@v1.20.3/types.ts": "729415590dfa188dbe924dea614dff4e976babdbabb28a307b869fc25777cdf0",
    "https://deno.land/x/grammy_types@v3.4.6/api.ts": "ae04d6628e3d25ae805bc07a19475065044fc44cde0a40877405bc3544d03a5f",
    "https://deno.land/x/grammy_types@v3.4.6/inline.ts": "594e1e487c94bde6f1d17f457b7b002786eb40b7b3b77ed32b830571e6285b7e",
    "https://deno.land/x/grammy_types@v3.4.6/manage.ts": "1d2b76d8735cdb56a2afe89097169ff4403b14016adb73e682fce61bc4c2efad",
    "https://deno.land/x/grammy_types@v3.4.6/markup.ts": "bef977ea4c2f17791d6f8a0a8f37f6f7f622967030da4f6b42e41c3a9d797113",
    "https://deno.land/x/grammy_types@v3.4.6/message.ts": "24de17e147a992eedebc8b28a553eeb1d62b0aecb93649fbde5f642bd5ad2b47",
    "https://deno.land/x/grammy_types@v3.4.6/methods.ts": "9c4d413f1a240e356b58c41a2c9417ccbd42b287d7cab9375c568d5d80ffcb2b",
    "https://deno.land/x/grammy_types@v3.4.6/mod.ts": "7b5f421b4fbb1761f7f0d68328eaddd515f3222ce3f3cdfbedd8d5a4781e91a7",
    "https://deno.land/x/grammy_types@v3.4.6/passport.ts": "e3fb63aec96510bcc317ef48fd25b435444b8f407502d7568c00fce15f2958fd",
    "https://deno.land/x/grammy_types@v3.4.6/payment.ts": "d23e9038c5b479b606e620dd84e3e67b6642ada110a962f2d5b5286e99ec7de5",
    "https://deno.land/x/grammy_types@v3.4.6/settings.ts": "5e989f5bd6c587d55673bd8052293869aa2f372e9223dd7f6e28632bfe021b6e",
    "https://deno.land/x/grammy_types@v3.4.6/update.ts": "597465794cbf6a6ab8a6e69c24645ed928e79af3d384dce63ae83716ba78ba3e",
    "https://esm.sh/@grammyjs/types@2.10.0": "7d6747b44ec3ef8c6ec6126236a6e3b5f59be29ee758441d509b2da45f4f727d",
    "https://esm.sh/cheerio@1.0.0-rc.12": "f2df09a207094c060115470643b70099ef967dba5238de17bdc6bb820cb9ac0d",
    "https://esm.sh/v135/boolbase@1.0.0/denonext/boolbase.mjs": "4e3bd67e9b1c5c55094eae98345d0107c6a44ef57bd3d4b9579698fa44722280",
    "https://esm.sh/v135/cheerio-select@2.1.0/denonext/cheerio-select.mjs": "5b882e2ef61d79044badb386948403758e0b171f54bcd2f4975c502c8096a2df",
    "https://esm.sh/v135/cheerio@1.0.0-rc.12/denonext/cheerio.mjs": "857011c7a0c086bf86d6215e73851251dce13d4489d82b9a614de34d2696ce41",
    "https://esm.sh/v135/cheerio@1.0.0-rc.12/denonext/lib/utils.js": "23db4ab02bf34f134210e809b1bd4e8bc0115ce79dc0581d7a47e1a6b39fb379",
    "https://esm.sh/v135/css-select@5.1.0/denonext/css-select.mjs": "7f4fb680eff2223a68fb5a1efa12e905077d7e6c44ae66c01fc437fe7af58f8b",
    "https://esm.sh/v135/css-what@6.1.0/denonext/css-what.mjs": "283d02df6fef73d3223b55324b559b363dd0e4c008ea1efbcf9f14b8f2642202",
    "https://esm.sh/v135/dom-serializer@2.0.0/denonext/dom-serializer.mjs": "700001f5fdb9f72fc7d1f169be700489ddd7f19489b58b6e8691ff1fca9000fe",
    "https://esm.sh/v135/domelementtype@2.3.0/denonext/domelementtype.mjs": "371936c356d5ac797f2ce3a66b98dfc73e6fff0e095b2858b85668e6ad7d10e0",
    "https://esm.sh/v135/domhandler@5.0.3/denonext/domhandler.mjs": "8c6e56c4596bbe7e9fd9d615f8fcdec7f11075f217bdc966a02ebe89c01b9f6f",
    "https://esm.sh/v135/domutils@3.1.0/denonext/domutils.mjs": "2a86554cc5f543a068bbf6ea6ed0647f4ad4c3ccb555f0da9fae09180cd7b611",
    "https://esm.sh/v135/entities@4.5.0/denonext/entities.mjs": "a9e8f9c22022c34755d1189030ac30c68545ccf8532fa32654c50fe9d90a13a1",
    "https://esm.sh/v135/entities@4.5.0/denonext/lib/decode.js": "7fea6d8bd725edbbf7ea05031d2ea1bbbc1166dc11e3345d541198dd2dc16f1e",
    "https://esm.sh/v135/entities@4.5.0/denonext/lib/escape.js": "7ebdc622bf3618bab25db40da4a49e2b9d03f044745f125f0bc3359f2d060def",
    "https://esm.sh/v135/htmlparser2@8.0.2/denonext/htmlparser2.mjs": "219a31d81c87d8ea21bec9be33d0d03bb8942c8b79fb8b9e2e6a05b826fc24dc",
    "https://esm.sh/v135/nth-check@2.1.1/denonext/nth-check.mjs": "638b4f5a22236cd05c7d1d43e5c6ea719695c4a8bc7beccdf8d97a434bea96dc",
    "https://esm.sh/v135/parse5-htmlparser2-tree-adapter@7.0.0/denonext/parse5-htmlparser2-tree-adapter.mjs": "2e8c24c6859e24e7c0f1e634574f8c014860868a603e85430b98212460e25091",
    "https://esm.sh/v135/parse5@7.1.2/denonext/parse5.mjs": "35bb04ec36a1c25c8cd8137296d64d16fd523a8ad1c2b63c41ba867fcd455c36",
    "https://esm.sh/v99/@grammyjs/types@2.10.0/api.d.ts": "efc90a31eb6f59ae5e7a4cf5838f46529e2fa6fa7e97a51a82dbd28afad21592",
    "https://esm.sh/v99/@grammyjs/types@2.10.0/deno/types.js": "56f17a0d1225b8dd12f7b0610c56ea32847807a42910a28997a5129f19b3afab",
    "https://esm.sh/v99/@grammyjs/types@2.10.0/index.d.ts": "1c60004dec6270d9badd5ed195dbd6d4ddd00fa701acfeea922ed9f4861576a4",
    "https://esm.sh/v99/@grammyjs/types@2.10.0/inline.d.ts": "573b2790679c5c0910847a60064ae85c6f6007bfa139e3f611dd917f9c54399b",
    "https://esm.sh/v99/@grammyjs/types@2.10.0/manage.d.ts": "b676fb7be0583d2a9332b13eb928bffea0d106c8d24b9fd84809addc0830d8c0",
    "https://esm.sh/v99/@grammyjs/types@2.10.0/markup.d.ts": "a70b21cd9e7a6708c0f3697b067e0b97cec864a960883e0c3e9dd16c18ee0d5e",
    "https://esm.sh/v99/@grammyjs/types@2.10.0/menu-button.d.ts": "096e03dadaf3af415c48c14cb91380769df01dcccbb0931575bf5f15a5df5cd7",
    "https://esm.sh/v99/@grammyjs/types@2.10.0/message.d.ts": "72e7ea2b9424c966db0599e75852c230281c3453531100bf1b432921c1da227f",
    "https://esm.sh/v99/@grammyjs/types@2.10.0/passport.d.ts": "e3fb63aec96510bcc317ef48fd25b435444b8f407502d7568c00fce15f2958fd",
    "https://esm.sh/v99/@grammyjs/types@2.10.0/payment.d.ts": "410c384a26d24252219713adeb0c360d5d038102ab9d1a6e9aad20b603830d0c",
    "https://esm.sh/v99/@grammyjs/types@2.10.0/proxied.d.ts": "a4720570e16d86b6030d0e03ad1b7eb3fa492d9e24833fa322f09f3494874629",
    "https://esm.sh/v99/@grammyjs/types@2.10.0/update.d.ts": "caf8e01cc0857bde5a787243bc307d3e621f86242dd4058f5e20b156f61c083d"
  }
}
